
Microsoft Visual Studio Solution File, Format Version 12.00
# Visual Studio Version 17
VisualStudioVersion = 17.9.34714.143
MinimumVisualStudioVersion = 10.0.40219.1
Project("{2150E333-8FDC-42A3-9474-1A3956D46DE8}") = "Solution Files", "Solution Files", "{C9B5D253-3F80-4D09-A082-AD8F4C00AE2D}"
	ProjectSection(SolutionItems) = preProject
		Directory.Build.props = Directory.Build.props
		LICENSE = LICENSE
		README.md = README.md
	EndProjectSection
EndProject
Project("{9A19103F-16F7-4668-BE54-9A1E7A4F7556}") = "Shos.Console", "Shos.Console\Shos.Console.csproj", "{31F49A38-32A0-4ED5-907C-BC79F90A2851}"
EndProject
Project("{9A19103F-16F7-4668-BE54-9A1E7A4F7556}") = "Shos.Console.Sample", "Shos.Console.Sample\Shos.Console.Sample.csproj", "{7CAAC533-5437-47D5-BBA6-EDFACCEDE507}"
EndProject
Project("{9A19103F-16F7-4668-BE54-9A1E7A4F7556}") = "Shos.ConsoleTests", "Shos.ConsoleTests\Shos.ConsoleTests.csproj", "{05A09497-6812-4988-9180-7AF2CC07A89B}"
EndProject
Global
	GlobalSection(SolutionConfigurationPlatforms) = preSolution
		Debug|Any CPU = Debug|Any CPU
		Release|Any CPU = Release|Any CPU
	EndGlobalSection
	GlobalSection(ProjectConfigurationPlatforms) = postSolution
		{31F49A38-32A0-4ED5-907C-BC79F90A2851}.Debug|Any CPU.ActiveCfg = Debug|Any CPU
		{31F49A38-32A0-4ED5-907C-BC79F90A2851}.Debug|Any CPU.Build.0 = Debug|Any CPU
		{31F49A38-32A0-4ED5-907C-BC79F90A2851}.Release|Any CPU.ActiveCfg = Release|Any CPU
		{31F49A38-32A0-4ED5-907C-BC79F90A2851}.Release|Any CPU.Build.0 = Release|Any CPU
		{7CAAC533-5437-47D5-BBA6-EDFACCEDE507}.Debug|Any CPU.ActiveCfg = Debug|Any CPU
		{7CAAC533-5437-47D5-BBA6-EDFACCEDE507}.Debug|Any CPU.Build.0 = Debug|Any CPU
		{7CAAC533-5437-47D5-BBA6-EDFACCEDE507}.Release|Any CPU.ActiveCfg = Release|Any CPU
		{7CAAC533-5437-47D5-BBA6-EDFACCEDE507}.Release|Any CPU.Build.0 = Release|Any CPU
		{05A09497-6812-4988-9180-7AF2CC07A89B}.Debug|Any CPU.ActiveCfg = Debug|Any CPU
		{05A09497-6812-4988-9180-7AF2CC07A89B}.Debug|Any CPU.Build.0 = Debug|Any CPU
		{05A09497-6812-4988-9180-7AF2CC07A89B}.Release|Any CPU.ActiveCfg = Release|Any CPU
		{05A09497-6812-4988-9180-7AF2CC07A89B}.Release|Any CPU.Build.0 = Release|Any CPU
	EndGlobalSection
	GlobalSection(SolutionProperties) = preSolution
		HideSolutionNode = FALSE
	EndGlobalSection
	GlobalSection(ExtensibilityGlobals) = postSolution
		SolutionGuid = {32F015F1-6162-402B-8D2D-BF438AAE421D}
	EndGlobalSection
EndGlobal
